
Microsoft Visual Studio Solution File, Format Version 12.00
# Visual Studio Version 16
VisualStudioVersion = 16.0.31911.196
MinimumVisualStudioVersion = 10.0.40219.1
Project("{9A19103F-16F7-4668-BE54-9A1E7A4F7556}") = "API", "API\API.csproj", "{585778F1-D7AA-444F-8B44-C99E688416AA}"
EndProject
Project("{9A19103F-16F7-4668-BE54-9A1E7A4F7556}") = "Business", "Business\Business.csproj", "{82128495-AE3E-4E79-9746-5D5D18C9FB71}"
EndProject
Project("{9A19103F-16F7-4668-BE54-9A1E7A4F7556}") = "DTO", "DTO\DTO.csproj", "{CAF1F302-6824-4853-B82D-9E34FF79B95E}"
EndProject
Project("{9A19103F-16F7-4668-BE54-9A1E7A4F7556}") = "Repo", "Repo\Repo.csproj", "{0DE3B494-F3B9-434E-8E96-0B65A38B20AD}"
EndProject
Project("{9A19103F-16F7-4668-BE54-9A1E7A4F7556}") = "DataAccess", "DataAccess\DataAccess.csproj", "{FCAEF230-E6F5-4BC9-8E22-74D08ECDFBD0}"
EndProject
Global
	GlobalSection(SolutionConfigurationPlatforms) = preSolution
		Debug|Any CPU = Debug|Any CPU
		Release|Any CPU = Release|Any CPU
	EndGlobalSection
	GlobalSection(ProjectConfigurationPlatforms) = postSolution
		{585778F1-D7AA-444F-8B44-C99E688416AA}.Debug|Any CPU.ActiveCfg = Debug|Any CPU
		{585778F1-D7AA-444F-8B44-C99E688416AA}.Debug|Any CPU.Build.0 = Debug|Any CPU
		{585778F1-D7AA-444F-8B44-C99E688416AA}.Release|Any CPU.ActiveCfg = Release|Any CPU
		{585778F1-D7AA-444F-8B44-C99E688416AA}.Release|Any CPU.Build.0 = Release|Any CPU
		{82128495-AE3E-4E79-9746-5D5D18C9FB71}.Debug|Any CPU.ActiveCfg = Debug|Any CPU
		{82128495-AE3E-4E79-9746-5D5D18C9FB71}.Debug|Any CPU.Build.0 = Debug|Any CPU
		{82128495-AE3E-4E79-9746-5D5D18C9FB71}.Release|Any CPU.ActiveCfg = Release|Any CPU
		{82128495-AE3E-4E79-9746-5D5D18C9FB71}.Release|Any CPU.Build.0 = Release|Any CPU
		{CAF1F302-6824-4853-B82D-9E34FF79B95E}.Debug|Any CPU.ActiveCfg = Debug|Any CPU
		{CAF1F302-6824-4853-B82D-9E34FF79B95E}.Debug|Any CPU.Build.0 = Debug|Any CPU
		{CAF1F302-6824-4853-B82D-9E34FF79B95E}.Release|Any CPU.ActiveCfg = Release|Any CPU
		{CAF1F302-6824-4853-B82D-9E34FF79B95E}.Release|Any CPU.Build.0 = Release|Any CPU
		{0DE3B494-F3B9-434E-8E96-0B65A38B20AD}.Debug|Any CPU.ActiveCfg = Debug|Any CPU
		{0DE3B494-F3B9-434E-8E96-0B65A38B20AD}.Debug|Any CPU.Build.0 = Debug|Any CPU
		{0DE3B494-F3B9-434E-8E96-0B65A38B20AD}.Release|Any CPU.ActiveCfg = Release|Any CPU
		{0DE3B494-F3B9-434E-8E96-0B65A38B20AD}.Release|Any CPU.Build.0 = Release|Any CPU
		{FCAEF230-E6F5-4BC9-8E22-74D08ECDFBD0}.Debug|Any CPU.ActiveCfg = Debug|Any CPU
		{FCAEF230-E6F5-4BC9-8E22-74D08ECDFBD0}.Debug|Any CPU.Build.0 = Debug|Any CPU
		{FCAEF230-E6F5-4BC9-8E22-74D08ECDFBD0}.Release|Any CPU.ActiveCfg = Release|Any CPU
		{FCAEF230-E6F5-4BC9-8E22-74D08ECDFBD0}.Release|Any CPU.Build.0 = Release|Any CPU
	EndGlobalSection
	GlobalSection(SolutionProperties) = preSolution
		HideSolutionNode = FALSE
	EndGlobalSection
	GlobalSection(ExtensibilityGlobals) = postSolution
		SolutionGuid = {4E2D8A3D-2FDD-4BC3-B170-3D67402074C5}
	EndGlobalSection
EndGlobal
